
Microsoft Visual Studio Solution File, Format Version 12.00
# Visual Studio Version 17
VisualStudioVersion = 17.11.35327.3
MinimumVisualStudioVersion = 10.0.40219.1
Project("{FAE04EC0-301F-11D3-BF4B-00C04F79EFBC}") = "POS_API", "POS_API\POS_API.csproj", "{2D41AED4-FD17-42EA-98B4-5BC9710E94EF}"
EndProject
Global
	GlobalSection(SolutionConfigurationPlatforms) = preSolution
		Debug|Any CPU = Debug|Any CPU
		Release|Any CPU = Release|Any CPU
	EndGlobalSection
	GlobalSection(ProjectConfigurationPlatforms) = postSolution
		{2D41AED4-FD17-42EA-98B4-5BC9710E94EF}.Debug|Any CPU.ActiveCfg = Debug|Any CPU
		{2D41AED4-FD17-42EA-98B4-5BC9710E94EF}.Debug|Any CPU.Build.0 = Debug|Any CPU
		{2D41AED4-FD17-42EA-98B4-5BC9710E94EF}.Release|Any CPU.ActiveCfg = Release|Any CPU
		{2D41AED4-FD17-42EA-98B4-5BC9710E94EF}.Release|Any CPU.Build.0 = Release|Any CPU
	EndGlobalSection
	GlobalSection(SolutionProperties) = preSolution
		HideSolutionNode = FALSE
	EndGlobalSection
	GlobalSection(ExtensibilityGlobals) = postSolution
		SolutionGuid = {6B3F1FFC-5FD8-420D-8294-C25837295860}
	EndGlobalSection
EndGlobal
